
Microsoft Visual Studio Solution File, Format Version 12.00
# Visual Studio Version 17
VisualStudioVersion = 17.3.32922.545
MinimumVisualStudioVersion = 10.0.40219.1
Project("{FAE04EC0-301F-11D3-BF4B-00C04F79EFBC}") = "Task1", "Task1\Task1.csproj", "{6CCBD89A-18D9-4E7A-935D-6E879678DB1C}"
EndProject
Global
	GlobalSection(SolutionConfigurationPlatforms) = preSolution
		Debug|Any CPU = Debug|Any CPU
		Release|Any CPU = Release|Any CPU
	EndGlobalSection
	GlobalSection(ProjectConfigurationPlatforms) = postSolution
		{6CCBD89A-18D9-4E7A-935D-6E879678DB1C}.Debug|Any CPU.ActiveCfg = Debug|Any CPU
		{6CCBD89A-18D9-4E7A-935D-6E879678DB1C}.Debug|Any CPU.Build.0 = Debug|Any CPU
		{6CCBD89A-18D9-4E7A-935D-6E879678DB1C}.Release|Any CPU.ActiveCfg = Release|Any CPU
		{6CCBD89A-18D9-4E7A-935D-6E879678DB1C}.Release|Any CPU.Build.0 = Release|Any CPU
	EndGlobalSection
	GlobalSection(SolutionProperties) = preSolution
		HideSolutionNode = FALSE
	EndGlobalSection
	GlobalSection(ExtensibilityGlobals) = postSolution
		SolutionGuid = {B2F82A1F-EA3D-4BCE-89CA-F2581803AEF9}
	EndGlobalSection
EndGlobal
